
Microsoft Visual Studio Solution File, Format Version 12.00
# Visual Studio 14
VisualStudioVersion = 14.0.25123.0
MinimumVisualStudioVersion = 10.0.40219.1
Project("{FAE04EC0-301F-11D3-BF4B-00C04F79EFBC}") = "WebServiceApp1", "WebServiceApp1\WebServiceApp1.csproj", "{47A61978-C2BA-470C-B808-B9AC3D5F95D2}"
EndProject
Global
	GlobalSection(SolutionConfigurationPlatforms) = preSolution
		Debug|Any CPU = Debug|Any CPU
		Release|Any CPU = Release|Any CPU
	EndGlobalSection
	GlobalSection(ProjectConfigurationPlatforms) = postSolution
		{47A61978-C2BA-470C-B808-B9AC3D5F95D2}.Debug|Any CPU.ActiveCfg = Debug|Any CPU
		{47A61978-C2BA-470C-B808-B9AC3D5F95D2}.Debug|Any CPU.Build.0 = Debug|Any CPU
		{47A61978-C2BA-470C-B808-B9AC3D5F95D2}.Release|Any CPU.ActiveCfg = Release|Any CPU
		{47A61978-C2BA-470C-B808-B9AC3D5F95D2}.Release|Any CPU.Build.0 = Release|Any CPU
	EndGlobalSection
	GlobalSection(SolutionProperties) = preSolution
		HideSolutionNode = FALSE
	EndGlobalSection
EndGlobal
